
Microsoft Visual Studio Solution File, Format Version 12.00
# Visual Studio Version 17
VisualStudioVersion = 17.11.35222.181
MinimumVisualStudioVersion = 10.0.40219.1
Project("{FAE04EC0-301F-11D3-BF4B-00C04F79EFBC}") = "MinimalWebhook", "MinimalWebhook\MinimalWebhook.csproj", "{02E393A5-F2B1-4488-BC3D-25082D357370}"
EndProject
Project("{FAE04EC0-301F-11D3-BF4B-00C04F79EFBC}") = "MinimalWebhook.IntegrationTests", "MinimalWebhook.IntegrationTests\MinimalWebhook.IntegrationTests.csproj", "{63A9A1C3-A6C0-4077-8E1A-3751E3AE2E93}"
EndProject
Global
	GlobalSection(SolutionConfigurationPlatforms) = preSolution
		Debug|Any CPU = Debug|Any CPU
		Release|Any CPU = Release|Any CPU
	EndGlobalSection
	GlobalSection(ProjectConfigurationPlatforms) = postSolution
		{02E393A5-F2B1-4488-BC3D-25082D357370}.Debug|Any CPU.ActiveCfg = Debug|Any CPU
		{02E393A5-F2B1-4488-BC3D-25082D357370}.Debug|Any CPU.Build.0 = Debug|Any CPU
		{02E393A5-F2B1-4488-BC3D-25082D357370}.Release|Any CPU.ActiveCfg = Release|Any CPU
		{02E393A5-F2B1-4488-BC3D-25082D357370}.Release|Any CPU.Build.0 = Release|Any CPU
		{63A9A1C3-A6C0-4077-8E1A-3751E3AE2E93}.Debug|Any CPU.ActiveCfg = Debug|Any CPU
		{63A9A1C3-A6C0-4077-8E1A-3751E3AE2E93}.Debug|Any CPU.Build.0 = Debug|Any CPU
		{63A9A1C3-A6C0-4077-8E1A-3751E3AE2E93}.Release|Any CPU.ActiveCfg = Release|Any CPU
		{63A9A1C3-A6C0-4077-8E1A-3751E3AE2E93}.Release|Any CPU.Build.0 = Release|Any CPU
	EndGlobalSection
	GlobalSection(SolutionProperties) = preSolution
		HideSolutionNode = FALSE
	EndGlobalSection
	GlobalSection(ExtensibilityGlobals) = postSolution
		SolutionGuid = {B66E89B5-2CBD-47D2-AFCF-0B9E9B51775F}
	EndGlobalSection
EndGlobal
